
Microsoft Visual Studio Solution File, Format Version 12.00
# Visual Studio 15
VisualStudioVersion = 15.0.27004.2005
MinimumVisualStudioVersion = 10.0.40219.1
Project("{FAE04EC0-301F-11D3-BF4B-00C04F79EFBC}") = "Interfaces", "Interfaces\Interfaces.csproj", "{2FE57DB4-13CE-41C9-961F-B46243E407EC}"
EndProject
Project("{FAE04EC0-301F-11D3-BF4B-00C04F79EFBC}") = "Excercise_1_Items_in_Videogame", "Excercise_1_Items_in_Videogame\Excercise_1_Items_in_Videogame.csproj", "{8DA64E41-CBB0-40B2-8D00-0421037D62ED}"
EndProject
Project("{FAE04EC0-301F-11D3-BF4B-00C04F79EFBC}") = "Abstract_Classes_and_Methods", "Abstract_Classes_and_Methods\Abstract_Classes_and_Methods.csproj", "{C1B5F0DE-433E-4723-9E1C-8167E7D4954F}"
EndProject
Project("{FAE04EC0-301F-11D3-BF4B-00C04F79EFBC}") = "Polymorphism", "Polymorphism\Polymorphism.csproj", "{6FD9FA07-F4E6-46F3-A722-39EB95499D53}"
EndProject
Project("{FAE04EC0-301F-11D3-BF4B-00C04F79EFBC}") = "Delegates", "Delegates\Delegates.csproj", "{88A83246-F010-4C7F-9AED-BD408509E43E}"
EndProject
Project("{FAE04EC0-301F-11D3-BF4B-00C04F79EFBC}") = "Multicast_Delegates", "Multicast_Delegates\Multicast_Delegates.csproj", "{CD3BD633-F2FD-4801-8746-47F72E9EF5B9}"
EndProject
Project("{FAE04EC0-301F-11D3-BF4B-00C04F79EFBC}") = "Events", "Events\Events.csproj", "{6C987E46-2D3D-4687-BE66-86FA04932596}"
EndProject
Project("{FAE04EC0-301F-11D3-BF4B-00C04F79EFBC}") = "EventArgsExample", "EventArgs\EventArgsExample.csproj", "{D81C4929-5B7C-4F53-9D30-E4144D848D75}"
EndProject
Project("{FAE04EC0-301F-11D3-BF4B-00C04F79EFBC}") = "Structs", "Structs\Structs.csproj", "{259904E6-AEB7-4450-B569-6127FE513C6A}"
EndProject
Project("{FAE04EC0-301F-11D3-BF4B-00C04F79EFBC}") = "Enumeratoren", "Enumeratoren\Enumeratoren.csproj", "{EB73C8C4-721A-40E9-BF6D-037AEC6786B9}"
EndProject
Project("{FAE04EC0-301F-11D3-BF4B-00C04F79EFBC}") = "Collections", "Collections\Collections.csproj", "{5AE8B6C5-01C9-4E4A-99F1-4A41D3DBB405}"
EndProject
Project("{FAE04EC0-301F-11D3-BF4B-00C04F79EFBC}") = "Generics", "Generics\Generics.csproj", "{D4FFDD26-8EBC-40F6-A3DD-B8F4997D7151}"
EndProject
Global
	GlobalSection(SolutionConfigurationPlatforms) = preSolution
		Debug|Any CPU = Debug|Any CPU
		Release|Any CPU = Release|Any CPU
	EndGlobalSection
	GlobalSection(ProjectConfigurationPlatforms) = postSolution
		{2FE57DB4-13CE-41C9-961F-B46243E407EC}.Debug|Any CPU.ActiveCfg = Debug|Any CPU
		{2FE57DB4-13CE-41C9-961F-B46243E407EC}.Debug|Any CPU.Build.0 = Debug|Any CPU
		{2FE57DB4-13CE-41C9-961F-B46243E407EC}.Release|Any CPU.ActiveCfg = Release|Any CPU
		{2FE57DB4-13CE-41C9-961F-B46243E407EC}.Release|Any CPU.Build.0 = Release|Any CPU
		{8DA64E41-CBB0-40B2-8D00-0421037D62ED}.Debug|Any CPU.ActiveCfg = Debug|Any CPU
		{8DA64E41-CBB0-40B2-8D00-0421037D62ED}.Debug|Any CPU.Build.0 = Debug|Any CPU
		{8DA64E41-CBB0-40B2-8D00-0421037D62ED}.Release|Any CPU.ActiveCfg = Release|Any CPU
		{8DA64E41-CBB0-40B2-8D00-0421037D62ED}.Release|Any CPU.Build.0 = Release|Any CPU
		{C1B5F0DE-433E-4723-9E1C-8167E7D4954F}.Debug|Any CPU.ActiveCfg = Debug|Any CPU
		{C1B5F0DE-433E-4723-9E1C-8167E7D4954F}.Debug|Any CPU.Build.0 = Debug|Any CPU
		{C1B5F0DE-433E-4723-9E1C-8167E7D4954F}.Release|Any CPU.ActiveCfg = Release|Any CPU
		{C1B5F0DE-433E-4723-9E1C-8167E7D4954F}.Release|Any CPU.Build.0 = Release|Any CPU
		{6FD9FA07-F4E6-46F3-A722-39EB95499D53}.Debug|Any CPU.ActiveCfg = Debug|Any CPU
		{6FD9FA07-F4E6-46F3-A722-39EB95499D53}.Debug|Any CPU.Build.0 = Debug|Any CPU
		{6FD9FA07-F4E6-46F3-A722-39EB95499D53}.Release|Any CPU.ActiveCfg = Release|Any CPU
		{6FD9FA07-F4E6-46F3-A722-39EB95499D53}.Release|Any CPU.Build.0 = Release|Any CPU
		{88A83246-F010-4C7F-9AED-BD408509E43E}.Debug|Any CPU.ActiveCfg = Debug|Any CPU
		{88A83246-F010-4C7F-9AED-BD408509E43E}.Debug|Any CPU.Build.0 = Debug|Any CPU
		{88A83246-F010-4C7F-9AED-BD408509E43E}.Release|Any CPU.ActiveCfg = Release|Any CPU
		{88A83246-F010-4C7F-9AED-BD408509E43E}.Release|Any CPU.Build.0 = Release|Any CPU
		{CD3BD633-F2FD-4801-8746-47F72E9EF5B9}.Debug|Any CPU.ActiveCfg = Debug|Any CPU
		{CD3BD633-F2FD-4801-8746-47F72E9EF5B9}.Debug|Any CPU.Build.0 = Debug|Any CPU
		{CD3BD633-F2FD-4801-8746-47F72E9EF5B9}.Release|Any CPU.ActiveCfg = Release|Any CPU
		{CD3BD633-F2FD-4801-8746-47F72E9EF5B9}.Release|Any CPU.Build.0 = Release|Any CPU
		{6C987E46-2D3D-4687-BE66-86FA04932596}.Debug|Any CPU.ActiveCfg = Debug|Any CPU
		{6C987E46-2D3D-4687-BE66-86FA04932596}.Debug|Any CPU.Build.0 = Debug|Any CPU
		{6C987E46-2D3D-4687-BE66-86FA04932596}.Release|Any CPU.ActiveCfg = Release|Any CPU
		{6C987E46-2D3D-4687-BE66-86FA04932596}.Release|Any CPU.Build.0 = Release|Any CPU
		{D81C4929-5B7C-4F53-9D30-E4144D848D75}.Debug|Any CPU.ActiveCfg = Debug|Any CPU
		{D81C4929-5B7C-4F53-9D30-E4144D848D75}.Debug|Any CPU.Build.0 = Debug|Any CPU
		{D81C4929-5B7C-4F53-9D30-E4144D848D75}.Release|Any CPU.ActiveCfg = Release|Any CPU
		{D81C4929-5B7C-4F53-9D30-E4144D848D75}.Release|Any CPU.Build.0 = Release|Any CPU
		{259904E6-AEB7-4450-B569-6127FE513C6A}.Debug|Any CPU.ActiveCfg = Debug|Any CPU
		{259904E6-AEB7-4450-B569-6127FE513C6A}.Debug|Any CPU.Build.0 = Debug|Any CPU
		{259904E6-AEB7-4450-B569-6127FE513C6A}.Release|Any CPU.ActiveCfg = Release|Any CPU
		{259904E6-AEB7-4450-B569-6127FE513C6A}.Release|Any CPU.Build.0 = Release|Any CPU
		{EB73C8C4-721A-40E9-BF6D-037AEC6786B9}.Debug|Any CPU.ActiveCfg = Debug|Any CPU
		{EB73C8C4-721A-40E9-BF6D-037AEC6786B9}.Debug|Any CPU.Build.0 = Debug|Any CPU
		{EB73C8C4-721A-40E9-BF6D-037AEC6786B9}.Release|Any CPU.ActiveCfg = Release|Any CPU
		{EB73C8C4-721A-40E9-BF6D-037AEC6786B9}.Release|Any CPU.Build.0 = Release|Any CPU
		{5AE8B6C5-01C9-4E4A-99F1-4A41D3DBB405}.Debug|Any CPU.ActiveCfg = Debug|Any CPU
		{5AE8B6C5-01C9-4E4A-99F1-4A41D3DBB405}.Debug|Any CPU.Build.0 = Debug|Any CPU
		{5AE8B6C5-01C9-4E4A-99F1-4A41D3DBB405}.Release|Any CPU.ActiveCfg = Release|Any CPU
		{5AE8B6C5-01C9-4E4A-99F1-4A41D3DBB405}.Release|Any CPU.Build.0 = Release|Any CPU
		{D4FFDD26-8EBC-40F6-A3DD-B8F4997D7151}.Debug|Any CPU.ActiveCfg = Debug|Any CPU
		{D4FFDD26-8EBC-40F6-A3DD-B8F4997D7151}.Debug|Any CPU.Build.0 = Debug|Any CPU
		{D4FFDD26-8EBC-40F6-A3DD-B8F4997D7151}.Release|Any CPU.ActiveCfg = Release|Any CPU
		{D4FFDD26-8EBC-40F6-A3DD-B8F4997D7151}.Release|Any CPU.Build.0 = Release|Any CPU
	EndGlobalSection
	GlobalSection(SolutionProperties) = preSolution
		HideSolutionNode = FALSE
	EndGlobalSection
	GlobalSection(ExtensibilityGlobals) = postSolution
		SolutionGuid = {D9C98E33-55A4-44B1-95E0-F514DE99586B}
	EndGlobalSection
EndGlobal
